// !$*UTF8*$!
{
	archiveVersion = 1;
	classes = {
	};
	objectVersion = 51;
	objects = {

/* Begin PBXBuildFile section */
		014483660E0E746483C8F8CC /* Pods_FundSpace.framework in Frameworks */ = {isa = PBXBuildFile; fileRef = 796E4C51AE9A59C65E7473FA /* Pods_FundSpace.framework */; };
		1FBB6D8A3302FBBF4A40E3DD /* Pods_FundSpaceTests.framework in Frameworks */ = {isa = PBXBuildFile; fileRef = D4EECF83E788BFBF732C3C99 /* Pods_FundSpaceTests.framework */; };
		4D17691449E61AEB711FE184 /* Pods_FundSpaceUITests.framework in Frameworks */ = {isa = PBXBuildFile; fileRef = 620B5C3983A86B1AC62E3CF7 /* Pods_FundSpaceUITests.framework */; };
		803EBC7D2302125E00CEC189 /* Extensions.swift in Sources */ = {isa = PBXBuildFile; fileRef = 803EBC7C2302125E00CEC189 /* Extensions.swift */; };
		803EBC7F23021DA600CEC189 /* TermsVC.swift in Sources */ = {isa = PBXBuildFile; fileRef = 803EBC7E23021DA600CEC189 /* TermsVC.swift */; };
		803EBC832302210B00CEC189 /* privacy.html in Resources */ = {isa = PBXBuildFile; fileRef = 803EBC812302210A00CEC189 /* privacy.html */; };
		803EBC862302274400CEC189 /* WebKit.framework in Frameworks */ = {isa = PBXBuildFile; fileRef = 803EBC852302274300CEC189 /* WebKit.framework */; };
		803EBC8823022DC400CEC189 /* PrivacyVC.swift in Sources */ = {isa = PBXBuildFile; fileRef = 803EBC8723022DC400CEC189 /* PrivacyVC.swift */; };
		803EBC8A230230C000CEC189 /* ForgotVC.swift in Sources */ = {isa = PBXBuildFile; fileRef = 803EBC89230230C000CEC189 /* ForgotVC.swift */; };
		841224C1233196CB00428497 /* CreditPositionCell.xib in Resources */ = {isa = PBXBuildFile; fileRef = 841224C0233196CB00428497 /* CreditPositionCell.xib */; };
		841224C3233198A900428497 /* Assets.xcassets in Resources */ = {isa = PBXBuildFile; fileRef = 841224C2233198A900428497 /* Assets.xcassets */; };
		841224C523319C9B00428497 /* CreditPositionCell.swift in Sources */ = {isa = PBXBuildFile; fileRef = 841224C423319C9B00428497 /* CreditPositionCell.swift */; };
		8414740D230D1D6D00A7C14F /* LeaderTabBarController.swift in Sources */ = {isa = PBXBuildFile; fileRef = 8414740C230D1D6D00A7C14F /* LeaderTabBarController.swift */; };
		8422DBD3232EC1E100425504 /* Channel.swift in Sources */ = {isa = PBXBuildFile; fileRef = 8422DBD2232EC1E100425504 /* Channel.swift */; };
		8422DBD5232EC38E00425504 /* Message.swift in Sources */ = {isa = PBXBuildFile; fileRef = 8422DBD4232EC38E00425504 /* Message.swift */; };
		8422DBD7232EC4E900425504 /* DatabaseRepresentation.swift in Sources */ = {isa = PBXBuildFile; fileRef = 8422DBD6232EC4E900425504 /* DatabaseRepresentation.swift */; };
		8422DBD9232EC7CE00425504 /* User.swift in Sources */ = {isa = PBXBuildFile; fileRef = 8422DBD8232EC7CE00425504 /* User.swift */; };
		8422DBDF232F80C700425504 /* AssetsVC.swift in Sources */ = {isa = PBXBuildFile; fileRef = 8422DBDE232F80C700425504 /* AssetsVC.swift */; };
		8422DBE6232F914600425504 /* InboxTableViewCell.swift in Sources */ = {isa = PBXBuildFile; fileRef = 8422DBE5232F914600425504 /* InboxTableViewCell.swift */; };
		8422DBE8232FAA8500425504 /* LeaderInBoxVC.swift in Sources */ = {isa = PBXBuildFile; fileRef = 8422DBE7232FAA8500425504 /* LeaderInBoxVC.swift */; };
		843CC68823259E4400038829 /* LeaderSearchVC.swift in Sources */ = {isa = PBXBuildFile; fileRef = 843CC68723259E4400038829 /* LeaderSearchVC.swift */; };
		8440BD73231CEFC5003A4302 /* RoundShadowView.swift in Sources */ = {isa = PBXBuildFile; fileRef = 8440BD72231CEFC5003A4302 /* RoundShadowView.swift */; };
		84459FDA233049A0005F2F4A /* NotificationTableViewCell.swift in Sources */ = {isa = PBXBuildFile; fileRef = 84459FD9233049A0005F2F4A /* NotificationTableViewCell.swift */; };
		8464295523321E8200CC7491 /* AssetsCell.xib in Resources */ = {isa = PBXBuildFile; fileRef = 8464295423321E8200CC7491 /* AssetsCell.xib */; };
		8464295723321FE800CC7491 /* AssetsCell.swift in Sources */ = {isa = PBXBuildFile; fileRef = 8464295623321FE800CC7491 /* AssetsCell.swift */; };
		8468FB85231EDE9000FC7A31 /* CreditPositionVC.swift in Sources */ = {isa = PBXBuildFile; fileRef = 8468FB84231EDE9000FC7A31 /* CreditPositionVC.swift */; };
		8468FB982324709800FC7A31 /* ProjectTableViewCell.swift in Sources */ = {isa = PBXBuildFile; fileRef = 8468FB972324709800FC7A31 /* ProjectTableViewCell.swift */; };
		8477535623264BB20009A7DD /* LeaderProjectTableViewCell.swift in Sources */ = {isa = PBXBuildFile; fileRef = 8477535523264BB20009A7DD /* LeaderProjectTableViewCell.swift */; };
		84775358232650CF0009A7DD /* LeaderProjectOverViewVC.swift in Sources */ = {isa = PBXBuildFile; fileRef = 84775357232650CF0009A7DD /* LeaderProjectOverViewVC.swift */; };
		8489E4FA2316701F00DC82B8 /* MKMagneticProgress.swift in Sources */ = {isa = PBXBuildFile; fileRef = 8489E4F92316701F00DC82B8 /* MKMagneticProgress.swift */; };
		849CD236230B1E110047F70F /* Firebase.swift in Sources */ = {isa = PBXBuildFile; fileRef = 849CD235230B1E100047F70F /* Firebase.swift */; };
		849CD239230B1EEE0047F70F /* terms_developer.html in Resources */ = {isa = PBXBuildFile; fileRef = 849CD237230B1EED0047F70F /* terms_developer.html */; };
		849CD23A230B1EEE0047F70F /* terms_lender.html in Resources */ = {isa = PBXBuildFile; fileRef = 849CD238230B1EEE0047F70F /* terms_lender.html */; };
		849CD23C230B1F3F0047F70F /* GoogleService-Info.plist in Resources */ = {isa = PBXBuildFile; fileRef = 849CD23B230B1F3F0047F70F /* GoogleService-Info.plist */; };
		849CD24F230C433D0047F70F /* DeveloperTabBarController.swift in Sources */ = {isa = PBXBuildFile; fileRef = 849CD249230C433C0047F70F /* DeveloperTabBarController.swift */; };
		849CD250230C433D0047F70F /* DeveloperProfileVC.swift in Sources */ = {isa = PBXBuildFile; fileRef = 849CD24A230C433C0047F70F /* DeveloperProfileVC.swift */; };
		849CD251230C433D0047F70F /* DeveloperInBoxVC.swift in Sources */ = {isa = PBXBuildFile; fileRef = 849CD24B230C433D0047F70F /* DeveloperInBoxVC.swift */; };
		849CD252230C433D0047F70F /* DeveloperNotificationVC.swift in Sources */ = {isa = PBXBuildFile; fileRef = 849CD24C230C433D0047F70F /* DeveloperNotificationVC.swift */; };
		849CD253230C433D0047F70F /* DeveloperSearchVC.swift in Sources */ = {isa = PBXBuildFile; fileRef = 849CD24D230C433D0047F70F /* DeveloperSearchVC.swift */; };
		849CD254230C433D0047F70F /* GetStartedDeveloperVC.swift in Sources */ = {isa = PBXBuildFile; fileRef = 849CD24E230C433D0047F70F /* GetStartedDeveloperVC.swift */; };
		849CD256230C8FAD0047F70F /* ImagePicker.swift in Sources */ = {isa = PBXBuildFile; fileRef = 849CD255230C8FAD0047F70F /* ImagePicker.swift */; };
		849CD259230CA2600047F70F /* GetStartedLeaderVC.swift in Sources */ = {isa = PBXBuildFile; fileRef = 849CD258230CA2600047F70F /* GetStartedLeaderVC.swift */; };
		84AAB4C82312AB4A00EAC830 /* LeaderProfileVC.swift in Sources */ = {isa = PBXBuildFile; fileRef = 84AAB4C72312AB4A00EAC830 /* LeaderProfileVC.swift */; };
		84AAB4CA2312E14200EAC830 /* AddProjectVC.swift in Sources */ = {isa = PBXBuildFile; fileRef = 84AAB4C92312E14200EAC830 /* AddProjectVC.swift */; };
		84AAB4CD2312FACD00EAC830 /* AddProjectStep1VC.swift in Sources */ = {isa = PBXBuildFile; fileRef = 84AAB4CC2312FACD00EAC830 /* AddProjectStep1VC.swift */; };
		84AAB4CF2312FB0100EAC830 /* AddProjectStep2VC.swift in Sources */ = {isa = PBXBuildFile; fileRef = 84AAB4CE2312FB0100EAC830 /* AddProjectStep2VC.swift */; };
		84AAB4D12312FB3600EAC830 /* AddProjectStep3VC.swift in Sources */ = {isa = PBXBuildFile; fileRef = 84AAB4D02312FB3600EAC830 /* AddProjectStep3VC.swift */; };
		84AAB4D32312FB4800EAC830 /* AddProjectStep4VC.swift in Sources */ = {isa = PBXBuildFile; fileRef = 84AAB4D22312FB4800EAC830 /* AddProjectStep4VC.swift */; };
		84AAB4D52312FB5800EAC830 /* AddProjectStep5VC.swift in Sources */ = {isa = PBXBuildFile; fileRef = 84AAB4D42312FB5800EAC830 /* AddProjectStep5VC.swift */; };
		84AAB4D72312FB7300EAC830 /* AddProjectStep6VC.swift in Sources */ = {isa = PBXBuildFile; fileRef = 84AAB4D62312FB7300EAC830 /* AddProjectStep6VC.swift */; };
		84AAB4D92312FB8400EAC830 /* AddProjectStep7VC.swift in Sources */ = {isa = PBXBuildFile; fileRef = 84AAB4D82312FB8400EAC830 /* AddProjectStep7VC.swift */; };
		84C37933230FCAE6003E02E0 /* iOSDropDown.swift in Sources */ = {isa = PBXBuildFile; fileRef = 84C37932230FCAE6003E02E0 /* iOSDropDown.swift */; };
		84D8FF972313E15900E9EED0 /* Checkbox.swift in Sources */ = {isa = PBXBuildFile; fileRef = 84D8FF962313E15900E9EED0 /* Checkbox.swift */; };
		84D8FF992315340000E9EED0 /* DeveloperProjectOverViewVC.swift in Sources */ = {isa = PBXBuildFile; fileRef = 84D8FF982315340000E9EED0 /* DeveloperProjectOverViewVC.swift */; };
		84E3E17F232824CE00F4D6E5 /* LeaderDeveloperProfileVC.swift in Sources */ = {isa = PBXBuildFile; fileRef = 84E3E17E232824CE00F4D6E5 /* LeaderDeveloperProfileVC.swift */; };
		84E3E1812328ED3C00F4D6E5 /* SendTermsVC.swift in Sources */ = {isa = PBXBuildFile; fileRef = 84E3E1802328ED3C00F4D6E5 /* SendTermsVC.swift */; };
		84E3E183232957FA00F4D6E5 /* LeaderSavedProjectVC.swift in Sources */ = {isa = PBXBuildFile; fileRef = 84E3E182232957FA00F4D6E5 /* LeaderSavedProjectVC.swift */; };
		84E3E185232AE25D00F4D6E5 /* LeaderCurrentProjectsVC.swift in Sources */ = {isa = PBXBuildFile; fileRef = 84E3E184232AE25D00F4D6E5 /* LeaderCurrentProjectsVC.swift */; };
		84E3E18E232B6B4300F4D6E5 /* ChatVC.swift in Sources */ = {isa = PBXBuildFile; fileRef = 84E3E18D232B6B4300F4D6E5 /* ChatVC.swift */; };
		84E3E190232B8A5600F4D6E5 /* ChatInputView.swift in Sources */ = {isa = PBXBuildFile; fileRef = 84E3E18F232B8A5600F4D6E5 /* ChatInputView.swift */; };
		84E3E198232C426E00F4D6E5 /* ChatViewNavigationCell.xib in Resources */ = {isa = PBXBuildFile; fileRef = 84E3E197232C426E00F4D6E5 /* ChatViewNavigationCell.xib */; };
		84E3E19C232C45E000F4D6E5 /* ChatViewNavigationCell.swift in Sources */ = {isa = PBXBuildFile; fileRef = 84E3E19B232C45E000F4D6E5 /* ChatViewNavigationCell.swift */; };
		BD0D4CB022F46F9E007DCCE5 /* Open Sans Bold Italic.ttf in Resources */ = {isa = PBXBuildFile; fileRef = BD0D4CAE22F46F17007DCCE5 /* Open Sans Bold Italic.ttf */; };
		BD0D4CB122F46F9E007DCCE5 /* Open Sans Bold.ttf in Resources */ = {isa = PBXBuildFile; fileRef = BD0D4CAF22F46F17007DCCE5 /* Open Sans Bold.ttf */; };
		BD0D4CB222F46F9E007DCCE5 /* Open Sans Italic.ttf in Resources */ = {isa = PBXBuildFile; fileRef = BD0D4CAC22F46F17007DCCE5 /* Open Sans Italic.ttf */; };
		BD0D4CB322F46F9E007DCCE5 /* Open Sans Regular.ttf in Resources */ = {isa = PBXBuildFile; fileRef = BD0D4CAD22F46F17007DCCE5 /* Open Sans Regular.ttf */; };
		BD0D4CB622F473C7007DCCE5 /* Utils.swift in Sources */ = {isa = PBXBuildFile; fileRef = BD0D4CB522F473C7007DCCE5 /* Utils.swift */; };
		BD0D4CB822F48077007DCCE5 /* SignUpVC.swift in Sources */ = {isa = PBXBuildFile; fileRef = BD0D4CB722F48077007DCCE5 /* SignUpVC.swift */; };
		BDBF8AC322F41FFF00F92DDA /* AppDelegate.swift in Sources */ = {isa = PBXBuildFile; fileRef = BDBF8AC222F41FFF00F92DDA /* AppDelegate.swift */; };
		BDBF8AC522F41FFF00F92DDA /* LogInVC.swift in Sources */ = {isa = PBXBuildFile; fileRef = BDBF8AC422F41FFF00F92DDA /* LogInVC.swift */; };
		BDBF8AC822F41FFF00F92DDA /* Main.storyboard in Resources */ = {isa = PBXBuildFile; fileRef = BDBF8AC622F41FFF00F92DDA /* Main.storyboard */; };
		BDBF8ACD22F4200000F92DDA /* LaunchScreen.storyboard in Resources */ = {isa = PBXBuildFile; fileRef = BDBF8ACB22F4200000F92DDA /* LaunchScreen.storyboard */; };
		BDBF8AD822F4200000F92DDA /* FundSpaceTests.swift in Sources */ = {isa = PBXBuildFile; fileRef = BDBF8AD722F4200000F92DDA /* FundSpaceTests.swift */; };
		BDBF8AE322F4200000F92DDA /* FundSpaceUITests.swift in Sources */ = {isa = PBXBuildFile; fileRef = BDBF8AE222F4200000F92DDA /* FundSpaceUITests.swift */; };
/* End PBXBuildFile section */

/* Begin PBXContainerItemProxy section */
		BDBF8AD422F4200000F92DDA /* PBXContainerItemProxy */ = {
			isa = PBXContainerItemProxy;
			containerPortal = BDBF8AB722F41FFF00F92DDA /* Project object */;
			proxyType = 1;
			remoteGlobalIDString = BDBF8ABE22F41FFF00F92DDA;
			remoteInfo = FundSpace;
		};
		BDBF8ADF22F4200000F92DDA /* PBXContainerItemProxy */ = {
			isa = PBXContainerItemProxy;
			containerPortal = BDBF8AB722F41FFF00F92DDA /* Project object */;
			proxyType = 1;
			remoteGlobalIDString = BDBF8ABE22F41FFF00F92DDA;
			remoteInfo = FundSpace;
		};
/* End PBXContainerItemProxy section */

/* Begin PBXFileReference section */
		103742242CC32795D658FD37 /* Pods-FundSpace.debug.xcconfig */ = {isa = PBXFileReference; includeInIndex = 1; lastKnownFileType = text.xcconfig; name = "Pods-FundSpace.debug.xcconfig"; path = "Target Support Files/Pods-FundSpace/Pods-FundSpace.debug.xcconfig"; sourceTree = "<group>"; };
		41B55C2AB6204F729AEBEC20 /* Pods-FundSpaceTests.release.xcconfig */ = {isa = PBXFileReference; includeInIndex = 1; lastKnownFileType = text.xcconfig; name = "Pods-FundSpaceTests.release.xcconfig"; path = "Target Support Files/Pods-FundSpaceTests/Pods-FundSpaceTests.release.xcconfig"; sourceTree = "<group>"; };
		5B99F60EDBDE91947AB7C81B /* Pods-FundSpaceTests.debug.xcconfig */ = {isa = PBXFileReference; includeInIndex = 1; lastKnownFileType = text.xcconfig; name = "Pods-FundSpaceTests.debug.xcconfig"; path = "Target Support Files/Pods-FundSpaceTests/Pods-FundSpaceTests.debug.xcconfig"; sourceTree = "<group>"; };
		620B5C3983A86B1AC62E3CF7 /* Pods_FundSpaceUITests.framework */ = {isa = PBXFileReference; explicitFileType = wrapper.framework; includeInIndex = 0; path = Pods_FundSpaceUITests.framework; sourceTree = BUILT_PRODUCTS_DIR; };
		796E4C51AE9A59C65E7473FA /* Pods_FundSpace.framework */ = {isa = PBXFileReference; explicitFileType = wrapper.framework; includeInIndex = 0; path = Pods_FundSpace.framework; sourceTree = BUILT_PRODUCTS_DIR; };
		803EBC7C2302125E00CEC189 /* Extensions.swift */ = {isa = PBXFileReference; lastKnownFileType = sourcecode.swift; path = Extensions.swift; sourceTree = "<group>"; };
		803EBC7E23021DA600CEC189 /* TermsVC.swift */ = {isa = PBXFileReference; lastKnownFileType = sourcecode.swift; path = TermsVC.swift; sourceTree = "<group>"; };
		803EBC812302210A00CEC189 /* privacy.html */ = {isa = PBXFileReference; fileEncoding = 4; lastKnownFileType = text.html; path = privacy.html; sourceTree = "<group>"; };
		803EBC852302274300CEC189 /* WebKit.framework */ = {isa = PBXFileReference; lastKnownFileType = wrapper.framework; name = WebKit.framework; path = System/Library/Frameworks/WebKit.framework; sourceTree = SDKROOT; };
		803EBC8723022DC400CEC189 /* PrivacyVC.swift */ = {isa = PBXFileReference; lastKnownFileType = sourcecode.swift; path = PrivacyVC.swift; sourceTree = "<group>"; };
		803EBC89230230C000CEC189 /* ForgotVC.swift */ = {isa = PBXFileReference; lastKnownFileType = sourcecode.swift; path = ForgotVC.swift; sourceTree = "<group>"; };
		841224BE2330B7F100428497 /* FundSpace.entitlements */ = {isa = PBXFileReference; lastKnownFileType = text.plist.entitlements; path = FundSpace.entitlements; sourceTree = "<group>"; };
		841224C0233196CB00428497 /* CreditPositionCell.xib */ = {isa = PBXFileReference; lastKnownFileType = file.xib; path = CreditPositionCell.xib; sourceTree = "<group>"; };
		841224C2233198A900428497 /* Assets.xcassets */ = {isa = PBXFileReference; lastKnownFileType = folder.assetcatalog; path = Assets.xcassets; sourceTree = "<group>"; };
		841224C423319C9B00428497 /* CreditPositionCell.swift */ = {isa = PBXFileReference; lastKnownFileType = sourcecode.swift; path = CreditPositionCell.swift; sourceTree = "<group>"; };
		8414740C230D1D6D00A7C14F /* LeaderTabBarController.swift */ = {isa = PBXFileReference; lastKnownFileType = sourcecode.swift; path = LeaderTabBarController.swift; sourceTree = "<group>"; };
		8422DBD2232EC1E100425504 /* Channel.swift */ = {isa = PBXFileReference; lastKnownFileType = sourcecode.swift; path = Channel.swift; sourceTree = "<group>"; };
		8422DBD4232EC38E00425504 /* Message.swift */ = {isa = PBXFileReference; lastKnownFileType = sourcecode.swift; path = Message.swift; sourceTree = "<group>"; };
		8422DBD6232EC4E900425504 /* DatabaseRepresentation.swift */ = {isa = PBXFileReference; lastKnownFileType = sourcecode.swift; path = DatabaseRepresentation.swift; sourceTree = "<group>"; };
		8422DBD8232EC7CE00425504 /* User.swift */ = {isa = PBXFileReference; lastKnownFileType = sourcecode.swift; path = User.swift; sourceTree = "<group>"; };
		8422DBDE232F80C700425504 /* AssetsVC.swift */ = {isa = PBXFileReference; lastKnownFileType = sourcecode.swift; path = AssetsVC.swift; sourceTree = "<group>"; };
		8422DBE5232F914600425504 /* InboxTableViewCell.swift */ = {isa = PBXFileReference; lastKnownFileType = sourcecode.swift; path = InboxTableViewCell.swift; sourceTree = "<group>"; };
		8422DBE7232FAA8500425504 /* LeaderInBoxVC.swift */ = {isa = PBXFileReference; lastKnownFileType = sourcecode.swift; path = LeaderInBoxVC.swift; sourceTree = "<group>"; };
		843CC68723259E4400038829 /* LeaderSearchVC.swift */ = {isa = PBXFileReference; lastKnownFileType = sourcecode.swift; path = LeaderSearchVC.swift; sourceTree = "<group>"; };
		8440BD72231CEFC5003A4302 /* RoundShadowView.swift */ = {isa = PBXFileReference; lastKnownFileType = sourcecode.swift; path = RoundShadowView.swift; sourceTree = "<group>"; };
		84459FD9233049A0005F2F4A /* NotificationTableViewCell.swift */ = {isa = PBXFileReference; lastKnownFileType = sourcecode.swift; path = NotificationTableViewCell.swift; sourceTree = "<group>"; };
		8464295423321E8200CC7491 /* AssetsCell.xib */ = {isa = PBXFileReference; lastKnownFileType = file.xib; path = AssetsCell.xib; sourceTree = "<group>"; };
		8464295623321FE800CC7491 /* AssetsCell.swift */ = {isa = PBXFileReference; lastKnownFileType = sourcecode.swift; path = AssetsCell.swift; sourceTree = "<group>"; };
		8468FB84231EDE9000FC7A31 /* CreditPositionVC.swift */ = {isa = PBXFileReference; lastKnownFileType = sourcecode.swift; path = CreditPositionVC.swift; sourceTree = "<group>"; };
		8468FB972324709800FC7A31 /* ProjectTableViewCell.swift */ = {isa = PBXFileReference; lastKnownFileType = sourcecode.swift; path = ProjectTableViewCell.swift; sourceTree = "<group>"; };
		8477535523264BB20009A7DD /* LeaderProjectTableViewCell.swift */ = {isa = PBXFileReference; lastKnownFileType = sourcecode.swift; path = LeaderProjectTableViewCell.swift; sourceTree = "<group>"; };
		84775357232650CF0009A7DD /* LeaderProjectOverViewVC.swift */ = {isa = PBXFileReference; lastKnownFileType = sourcecode.swift; path = LeaderProjectOverViewVC.swift; sourceTree = "<group>"; };
		8489E4F92316701F00DC82B8 /* MKMagneticProgress.swift */ = {isa = PBXFileReference; fileEncoding = 4; lastKnownFileType = sourcecode.swift; path = MKMagneticProgress.swift; sourceTree = "<group>"; };
		849CD235230B1E100047F70F /* Firebase.swift */ = {isa = PBXFileReference; fileEncoding = 4; lastKnownFileType = sourcecode.swift; path = Firebase.swift; sourceTree = "<group>"; };
		849CD237230B1EED0047F70F /* terms_developer.html */ = {isa = PBXFileReference; fileEncoding = 4; lastKnownFileType = text.html; path = terms_developer.html; sourceTree = "<group>"; };
		849CD238230B1EEE0047F70F /* terms_lender.html */ = {isa = PBXFileReference; fileEncoding = 4; lastKnownFileType = text.html; path = terms_lender.html; sourceTree = "<group>"; };
		849CD23B230B1F3F0047F70F /* GoogleService-Info.plist */ = {isa = PBXFileReference; fileEncoding = 4; lastKnownFileType = text.plist.xml; path = "GoogleService-Info.plist"; sourceTree = "<group>"; };
		849CD249230C433C0047F70F /* DeveloperTabBarController.swift */ = {isa = PBXFileReference; fileEncoding = 4; lastKnownFileType = sourcecode.swift; path = DeveloperTabBarController.swift; sourceTree = "<group>"; };
		849CD24A230C433C0047F70F /* DeveloperProfileVC.swift */ = {isa = PBXFileReference; fileEncoding = 4; lastKnownFileType = sourcecode.swift; path = DeveloperProfileVC.swift; sourceTree = "<group>"; };
		849CD24B230C433D0047F70F /* DeveloperInBoxVC.swift */ = {isa = PBXFileReference; fileEncoding = 4; lastKnownFileType = sourcecode.swift; path = DeveloperInBoxVC.swift; sourceTree = "<group>"; };
		849CD24C230C433D0047F70F /* DeveloperNotificationVC.swift */ = {isa = PBXFileReference; fileEncoding = 4; lastKnownFileType = sourcecode.swift; path = DeveloperNotificationVC.swift; sourceTree = "<group>"; };
		849CD24D230C433D0047F70F /* DeveloperSearchVC.swift */ = {isa = PBXFileReference; fileEncoding = 4; lastKnownFileType = sourcecode.swift; path = DeveloperSearchVC.swift; sourceTree = "<group>"; };
		849CD24E230C433D0047F70F /* GetStartedDeveloperVC.swift */ = {isa = PBXFileReference; fileEncoding = 4; lastKnownFileType = sourcecode.swift; path = GetStartedDeveloperVC.swift; sourceTree = "<group>"; };
		849CD255230C8FAD0047F70F /* ImagePicker.swift */ = {isa = PBXFileReference; lastKnownFileType = sourcecode.swift; path = ImagePicker.swift; sourceTree = "<group>"; };
		849CD258230CA2600047F70F /* GetStartedLeaderVC.swift */ = {isa = PBXFileReference; lastKnownFileType = sourcecode.swift; path = GetStartedLeaderVC.swift; sourceTree = "<group>"; };
		84AAB4C72312AB4A00EAC830 /* LeaderProfileVC.swift */ = {isa = PBXFileReference; lastKnownFileType = sourcecode.swift; path = LeaderProfileVC.swift; sourceTree = "<group>"; };
		84AAB4C92312E14200EAC830 /* AddProjectVC.swift */ = {isa = PBXFileReference; lastKnownFileType = sourcecode.swift; path = AddProjectVC.swift; sourceTree = "<group>"; };
		84AAB4CC2312FACD00EAC830 /* AddProjectStep1VC.swift */ = {isa = PBXFileReference; lastKnownFileType = sourcecode.swift; path = AddProjectStep1VC.swift; sourceTree = "<group>"; };
		84AAB4CE2312FB0100EAC830 /* AddProjectStep2VC.swift */ = {isa = PBXFileReference; lastKnownFileType = sourcecode.swift; path = AddProjectStep2VC.swift; sourceTree = "<group>"; };
		84AAB4D02312FB3600EAC830 /* AddProjectStep3VC.swift */ = {isa = PBXFileReference; lastKnownFileType = sourcecode.swift; path = AddProjectStep3VC.swift; sourceTree = "<group>"; };
		84AAB4D22312FB4800EAC830 /* AddProjectStep4VC.swift */ = {isa = PBXFileReference; lastKnownFileType = sourcecode.swift; path = AddProjectStep4VC.swift; sourceTree = "<group>"; };
		84AAB4D42312FB5800EAC830 /* AddProjectStep5VC.swift */ = {isa = PBXFileReference; lastKnownFileType = sourcecode.swift; path = AddProjectStep5VC.swift; sourceTree = "<group>"; };
		84AAB4D62312FB7300EAC830 /* AddProjectStep6VC.swift */ = {isa = PBXFileReference; lastKnownFileType = sourcecode.swift; path = AddProjectStep6VC.swift; sourceTree = "<group>"; };
		84AAB4D82312FB8400EAC830 /* AddProjectStep7VC.swift */ = {isa = PBXFileReference; lastKnownFileType = sourcecode.swift; path = AddProjectStep7VC.swift; sourceTree = "<group>"; };
		84C37932230FCAE6003E02E0 /* iOSDropDown.swift */ = {isa = PBXFileReference; fileEncoding = 4; lastKnownFileType = sourcecode.swift; path = iOSDropDown.swift; sourceTree = "<group>"; };
		84D8FF962313E15900E9EED0 /* Checkbox.swift */ = {isa = PBXFileReference; fileEncoding = 4; lastKnownFileType = sourcecode.swift; path = Checkbox.swift; sourceTree = "<group>"; };
		84D8FF982315340000E9EED0 /* DeveloperProjectOverViewVC.swift */ = {isa = PBXFileReference; lastKnownFileType = sourcecode.swift; path = DeveloperProjectOverViewVC.swift; sourceTree = "<group>"; };
		84E3E17E232824CE00F4D6E5 /* LeaderDeveloperProfileVC.swift */ = {isa = PBXFileReference; lastKnownFileType = sourcecode.swift; path = LeaderDeveloperProfileVC.swift; sourceTree = "<group>"; };
		84E3E1802328ED3C00F4D6E5 /* SendTermsVC.swift */ = {isa = PBXFileReference; lastKnownFileType = sourcecode.swift; path = SendTermsVC.swift; sourceTree = "<group>"; };
		84E3E182232957FA00F4D6E5 /* LeaderSavedProjectVC.swift */ = {isa = PBXFileReference; lastKnownFileType = sourcecode.swift; path = LeaderSavedProjectVC.swift; sourceTree = "<group>"; };
		84E3E184232AE25D00F4D6E5 /* LeaderCurrentProjectsVC.swift */ = {isa = PBXFileReference; lastKnownFileType = sourcecode.swift; path = LeaderCurrentProjectsVC.swift; sourceTree = "<group>"; };
		84E3E18D232B6B4300F4D6E5 /* ChatVC.swift */ = {isa = PBXFileReference; lastKnownFileType = sourcecode.swift; path = ChatVC.swift; sourceTree = "<group>"; };
		84E3E18F232B8A5600F4D6E5 /* ChatInputView.swift */ = {isa = PBXFileReference; lastKnownFileType = sourcecode.swift; path = ChatInputView.swift; sourceTree = "<group>"; };
		84E3E197232C426E00F4D6E5 /* ChatViewNavigationCell.xib */ = {isa = PBXFileReference; lastKnownFileType = file.xib; path = ChatViewNavigationCell.xib; sourceTree = "<group>"; };
		84E3E19B232C45E000F4D6E5 /* ChatViewNavigationCell.swift */ = {isa = PBXFileReference; lastKnownFileType = sourcecode.swift; path = ChatViewNavigationCell.swift; sourceTree = "<group>"; };
		B4393393F59E6DD3FD1E9FD7 /* Pods-FundSpace.release.xcconfig */ = {isa = PBXFileReference; includeInIndex = 1; lastKnownFileType = text.xcconfig; name = "Pods-FundSpace.release.xcconfig"; path = "Target Support Files/Pods-FundSpace/Pods-FundSpace.release.xcconfig"; sourceTree = "<group>"; };
		BD0D4CAC22F46F17007DCCE5 /* Open Sans Italic.ttf */ = {isa = PBXFileReference; lastKnownFileType = file; path = "Open Sans Italic.ttf"; sourceTree = "<group>"; };
		BD0D4CAD22F46F17007DCCE5 /* Open Sans Regular.ttf */ = {isa = PBXFileReference; lastKnownFileType = file; path = "Open Sans Regular.ttf"; sourceTree = "<group>"; };
		BD0D4CAE22F46F17007DCCE5 /* Open Sans Bold Italic.ttf */ = {isa = PBXFileReference; lastKnownFileType = file; path = "Open Sans Bold Italic.ttf"; sourceTree = "<group>"; };
		BD0D4CAF22F46F17007DCCE5 /* Open Sans Bold.ttf */ = {isa = PBXFileReference; lastKnownFileType = file; path = "Open Sans Bold.ttf"; sourceTree = "<group>"; };
		BD0D4CB522F473C7007DCCE5 /* Utils.swift */ = {isa = PBXFileReference; lastKnownFileType = sourcecode.swift; path = Utils.swift; sourceTree = "<group>"; };
		BD0D4CB722F48077007DCCE5 /* SignUpVC.swift */ = {isa = PBXFileReference; lastKnownFileType = sourcecode.swift; path = SignUpVC.swift; sourceTree = "<group>"; };
		BDBF8ABF22F41FFF00F92DDA /* FundSpace.app */ = {isa = PBXFileReference; explicitFileType = wrapper.application; includeInIndex = 0; path = FundSpace.app; sourceTree = BUILT_PRODUCTS_DIR; };
		BDBF8AC222F41FFF00F92DDA /* AppDelegate.swift */ = {isa = PBXFileReference; lastKnownFileType = sourcecode.swift; path = AppDelegate.swift; sourceTree = "<group>"; };
		BDBF8AC422F41FFF00F92DDA /* LogInVC.swift */ = {isa = PBXFileReference; lastKnownFileType = sourcecode.swift; path = LogInVC.swift; sourceTree = "<group>"; };
		BDBF8AC722F41FFF00F92DDA /* Base */ = {isa = PBXFileReference; lastKnownFileType = file.storyboard; name = Base; path = Base.lproj/Main.storyboard; sourceTree = "<group>"; };
		BDBF8ACC22F4200000F92DDA /* Base */ = {isa = PBXFileReference; lastKnownFileType = file.storyboard; name = Base; path = Base.lproj/LaunchScreen.storyboard; sourceTree = "<group>"; };
		BDBF8ACE22F4200000F92DDA /* Info.plist */ = {isa = PBXFileReference; lastKnownFileType = text.plist.xml; path = Info.plist; sourceTree = "<group>"; };
		BDBF8AD322F4200000F92DDA /* FundSpaceTests.xctest */ = {isa = PBXFileReference; explicitFileType = wrapper.cfbundle; includeInIndex = 0; path = FundSpaceTests.xctest; sourceTree = BUILT_PRODUCTS_DIR; };
		BDBF8AD722F4200000F92DDA /* FundSpaceTests.swift */ = {isa = PBXFileReference; lastKnownFileType = sourcecode.swift; path = FundSpaceTests.swift; sourceTree = "<group>"; };
		BDBF8AD922F4200000F92DDA /* Info.plist */ = {isa = PBXFileReference; lastKnownFileType = text.plist.xml; path = Info.plist; sourceTree = "<group>"; };
		BDBF8ADE22F4200000F92DDA /* FundSpaceUITests.xctest */ = {isa = PBXFileReference; explicitFileType = wrapper.cfbundle; includeInIndex = 0; path = FundSpaceUITests.xctest; sourceTree = BUILT_PRODUCTS_DIR; };
		BDBF8AE222F4200000F92DDA /* FundSpaceUITests.swift */ = {isa = PBXFileReference; lastKnownFileType = sourcecode.swift; path = FundSpaceUITests.swift; sourceTree = "<group>"; };
		BDBF8AE422F4200000F92DDA /* Info.plist */ = {isa = PBXFileReference; lastKnownFileType = text.plist.xml; path = Info.plist; sourceTree = "<group>"; };
		C5CE8E85C4265233A3D8716F /* Pods-FundSpaceUITests.debug.xcconfig */ = {isa = PBXFileReference; includeInIndex = 1; lastKnownFileType = text.xcconfig; name = "Pods-FundSpaceUITests.debug.xcconfig"; path = "Target Support Files/Pods-FundSpaceUITests/Pods-FundSpaceUITests.debug.xcconfig"; sourceTree = "<group>"; };
		D4EECF83E788BFBF732C3C99 /* Pods_FundSpaceTests.framework */ = {isa = PBXFileReference; explicitFileType = wrapper.framework; includeInIndex = 0; path = Pods_FundSpaceTests.framework; sourceTree = BUILT_PRODUCTS_DIR; };
		FF5FD843230E08153419E1AB /* Pods-FundSpaceUITests.release.xcconfig */ = {isa = PBXFileReference; includeInIndex = 1; lastKnownFileType = text.xcconfig; name = "Pods-FundSpaceUITests.release.xcconfig"; path = "Target Support Files/Pods-FundSpaceUITests/Pods-FundSpaceUITests.release.xcconfig"; sourceTree = "<group>"; };
/* End PBXFileReference section */

/* Begin PBXFrameworksBuildPhase section */
		BDBF8ABC22F41FFF00F92DDA /* Frameworks */ = {
			isa = PBXFrameworksBuildPhase;
			buildActionMask = 2147483647;
			files = (
				803EBC862302274400CEC189 /* WebKit.framework in Frameworks */,
				014483660E0E746483C8F8CC /* Pods_FundSpace.framework in Frameworks */,
			);
			runOnlyForDeploymentPostprocessing = 0;
		};
		BDBF8AD022F4200000F92DDA /* Frameworks */ = {
			isa = PBXFrameworksBuildPhase;
			buildActionMask = 2147483647;
			files = (
				1FBB6D8A3302FBBF4A40E3DD /* Pods_FundSpaceTests.framework in Frameworks */,
			);
			runOnlyForDeploymentPostprocessing = 0;
		};
		BDBF8ADB22F4200000F92DDA /* Frameworks */ = {
			isa = PBXFrameworksBuildPhase;
			buildActionMask = 2147483647;
			files = (
				4D17691449E61AEB711FE184 /* Pods_FundSpaceUITests.framework in Frameworks */,
			);
			runOnlyForDeploymentPostprocessing = 0;
		};
/* End PBXFrameworksBuildPhase section */

/* Begin PBXGroup section */
		5247166F4D50C2D3E18B00B5 /* Pods */ = {
			isa = PBXGroup;
			children = (
				103742242CC32795D658FD37 /* Pods-FundSpace.debug.xcconfig */,
				B4393393F59E6DD3FD1E9FD7 /* Pods-FundSpace.release.xcconfig */,
				5B99F60EDBDE91947AB7C81B /* Pods-FundSpaceTests.debug.xcconfig */,
				41B55C2AB6204F729AEBEC20 /* Pods-FundSpaceTests.release.xcconfig */,
				C5CE8E85C4265233A3D8716F /* Pods-FundSpaceUITests.debug.xcconfig */,
				FF5FD843230E08153419E1AB /* Pods-FundSpaceUITests.release.xcconfig */,
			);
			path = Pods;
			sourceTree = "<group>";
		};
		6C5642B78E8E96A18093D711 /* Frameworks */ = {
			isa = PBXGroup;
			children = (
				803EBC852302274300CEC189 /* WebKit.framework */,
				796E4C51AE9A59C65E7473FA /* Pods_FundSpace.framework */,
				D4EECF83E788BFBF732C3C99 /* Pods_FundSpaceTests.framework */,
				620B5C3983A86B1AC62E3CF7 /* Pods_FundSpaceUITests.framework */,
			);
			name = Frameworks;
			sourceTree = "<group>";
		};
		803EBC8023021EEC00CEC189 /* Terms and Policy */ = {
			isa = PBXGroup;
			children = (
				803EBC812302210A00CEC189 /* privacy.html */,
				849CD237230B1EED0047F70F /* terms_developer.html */,
				849CD238230B1EEE0047F70F /* terms_lender.html */,
			);
			path = "Terms and Policy";
			sourceTree = "<group>";
		};
		8422DBD1232EC1C400425504 /* ChatModel */ = {
			isa = PBXGroup;
			children = (
				8422DBD2232EC1E100425504 /* Channel.swift */,
				8422DBD4232EC38E00425504 /* Message.swift */,
				8422DBD6232EC4E900425504 /* DatabaseRepresentation.swift */,
				8422DBD8232EC7CE00425504 /* User.swift */,
			);
			path = ChatModel;
			sourceTree = "<group>";
		};
		846429582332248400CC7491 /* Cells */ = {
			isa = PBXGroup;
			children = (
				84E3E197232C426E00F4D6E5 /* ChatViewNavigationCell.xib */,
				84E3E19B232C45E000F4D6E5 /* ChatViewNavigationCell.swift */,
				8422DBE5232F914600425504 /* InboxTableViewCell.swift */,
				8468FB972324709800FC7A31 /* ProjectTableViewCell.swift */,
				84459FD9233049A0005F2F4A /* NotificationTableViewCell.swift */,
				841224C0233196CB00428497 /* CreditPositionCell.xib */,
				841224C423319C9B00428497 /* CreditPositionCell.swift */,
				8464295423321E8200CC7491 /* AssetsCell.xib */,
				8464295623321FE800CC7491 /* AssetsCell.swift */,
			);
			path = Cells;
			sourceTree = "<group>";
		};
		849CD257230CA2420047F70F /* Leader */ = {
			isa = PBXGroup;
			children = (
				849CD258230CA2600047F70F /* GetStartedLeaderVC.swift */,
				8414740C230D1D6D00A7C14F /* LeaderTabBarController.swift */,
				84AAB4C72312AB4A00EAC830 /* LeaderProfileVC.swift */,
				843CC68723259E4400038829 /* LeaderSearchVC.swift */,
				8477535523264BB20009A7DD /* LeaderProjectTableViewCell.swift */,
				84775357232650CF0009A7DD /* LeaderProjectOverViewVC.swift */,
				84E3E17E232824CE00F4D6E5 /* LeaderDeveloperProfileVC.swift */,
				84E3E1802328ED3C00F4D6E5 /* SendTermsVC.swift */,
				84E3E182232957FA00F4D6E5 /* LeaderSavedProjectVC.swift */,
				84E3E184232AE25D00F4D6E5 /* LeaderCurrentProjectsVC.swift */,
				8422DBE7232FAA8500425504 /* LeaderInBoxVC.swift */,
			);
			path = Leader;
			sourceTree = "<group>";
		};
		84AAB4CB2312FAB200EAC830 /* Add Project */ = {
			isa = PBXGroup;
			children = (
				84AAB4CC2312FACD00EAC830 /* AddProjectStep1VC.swift */,
				84AAB4CE2312FB0100EAC830 /* AddProjectStep2VC.swift */,
				84AAB4D02312FB3600EAC830 /* AddProjectStep3VC.swift */,
				84AAB4D22312FB4800EAC830 /* AddProjectStep4VC.swift */,
				84AAB4D42312FB5800EAC830 /* AddProjectStep5VC.swift */,
				84AAB4D62312FB7300EAC830 /* AddProjectStep6VC.swift */,
				84AAB4D82312FB8400EAC830 /* AddProjectStep7VC.swift */,
			);
			path = "Add Project";
			sourceTree = "<group>";
		};
		BD0D4CA922F44212007DCCE5 /* Common */ = {
			isa = PBXGroup;
			children = (
				846429582332248400CC7491 /* Cells */,
				BDBF8AC422F41FFF00F92DDA /* LogInVC.swift */,
				BD0D4CB722F48077007DCCE5 /* SignUpVC.swift */,
				803EBC7E23021DA600CEC189 /* TermsVC.swift */,
				803EBC8723022DC400CEC189 /* PrivacyVC.swift */,
				803EBC89230230C000CEC189 /* ForgotVC.swift */,
				84E3E18D232B6B4300F4D6E5 /* ChatVC.swift */,
			);
			path = Common;
			sourceTree = "<group>";
		};
		BD0D4CAA22F46EF8007DCCE5 /* Support Files */ = {
			isa = PBXGroup;
			children = (
				803EBC8023021EEC00CEC189 /* Terms and Policy */,
				BD0D4CAB22F46F03007DCCE5 /* Fonts */,
			);
			path = "Support Files";
			sourceTree = "<group>";
		};
		BD0D4CAB22F46F03007DCCE5 /* Fonts */ = {
			isa = PBXGroup;
			children = (
				BD0D4CAE22F46F17007DCCE5 /* Open Sans Bold Italic.ttf */,
				BD0D4CAF22F46F17007DCCE5 /* Open Sans Bold.ttf */,
				BD0D4CAC22F46F17007DCCE5 /* Open Sans Italic.ttf */,
				BD0D4CAD22F46F17007DCCE5 /* Open Sans Regular.ttf */,
			);
			path = Fonts;
			sourceTree = "<group>";
		};
		BD0D4CB422F473A7007DCCE5 /* Services */ = {
			isa = PBXGroup;
			children = (
				BD0D4CB522F473C7007DCCE5 /* Utils.swift */,
				803EBC7C2302125E00CEC189 /* Extensions.swift */,
				849CD235230B1E100047F70F /* Firebase.swift */,
				849CD255230C8FAD0047F70F /* ImagePicker.swift */,
				8489E4F92316701F00DC82B8 /* MKMagneticProgress.swift */,
				84C37932230FCAE6003E02E0 /* iOSDropDown.swift */,
				84D8FF962313E15900E9EED0 /* Checkbox.swift */,
				8440BD72231CEFC5003A4302 /* RoundShadowView.swift */,
				84E3E18F232B8A5600F4D6E5 /* ChatInputView.swift */,
			);
			path = Services;
			sourceTree = "<group>";
		};
		BDBF8AB622F41FFF00F92DDA = {
			isa = PBXGroup;
			children = (
				BDBF8AC122F41FFF00F92DDA /* FundSpace */,
				BDBF8AD622F4200000F92DDA /* FundSpaceTests */,
				BDBF8AE122F4200000F92DDA /* FundSpaceUITests */,
				BDBF8AC022F41FFF00F92DDA /* Products */,
				5247166F4D50C2D3E18B00B5 /* Pods */,
				6C5642B78E8E96A18093D711 /* Frameworks */,
			);
			sourceTree = "<group>";
		};
		BDBF8AC022F41FFF00F92DDA /* Products */ = {
			isa = PBXGroup;
			children = (
				BDBF8ABF22F41FFF00F92DDA /* FundSpace.app */,
				BDBF8AD322F4200000F92DDA /* FundSpaceTests.xctest */,
				BDBF8ADE22F4200000F92DDA /* FundSpaceUITests.xctest */,
			);
			name = Products;
			sourceTree = "<group>";
		};
		BDBF8AC122F41FFF00F92DDA /* FundSpace */ = {
			isa = PBXGroup;
			children = (
				841224BE2330B7F100428497 /* FundSpace.entitlements */,
				8422DBD1232EC1C400425504 /* ChatModel */,
				849CD257230CA2420047F70F /* Leader */,
				BD0D4CB422F473A7007DCCE5 /* Services */,
				BD0D4CAA22F46EF8007DCCE5 /* Support Files */,
				BD0D4CA922F44212007DCCE5 /* Common */,
				BDBF8AF022F431E900F92DDA /* Developer */,
				BDBF8AC222F41FFF00F92DDA /* AppDelegate.swift */,
				BDBF8AC622F41FFF00F92DDA /* Main.storyboard */,
				BDBF8ACB22F4200000F92DDA /* LaunchScreen.storyboard */,
				841224C2233198A900428497 /* Assets.xcassets */,
				BDBF8ACE22F4200000F92DDA /* Info.plist */,
				849CD23B230B1F3F0047F70F /* GoogleService-Info.plist */,
			);
			path = FundSpace;
			sourceTree = "<group>";
		};
		BDBF8AD622F4200000F92DDA /* FundSpaceTests */ = {
			isa = PBXGroup;
			children = (
				BDBF8AD722F4200000F92DDA /* FundSpaceTests.swift */,
				BDBF8AD922F4200000F92DDA /* Info.plist */,
			);
			path = FundSpaceTests;
			sourceTree = "<group>";
		};
		BDBF8AE122F4200000F92DDA /* FundSpaceUITests */ = {
			isa = PBXGroup;
			children = (
				BDBF8AE222F4200000F92DDA /* FundSpaceUITests.swift */,
				BDBF8AE422F4200000F92DDA /* Info.plist */,
			);
			path = FundSpaceUITests;
			sourceTree = "<group>";
		};
		BDBF8AF022F431E900F92DDA /* Developer */ = {
			isa = PBXGroup;
			children = (
				84AAB4CB2312FAB200EAC830 /* Add Project */,
				849CD24B230C433D0047F70F /* DeveloperInBoxVC.swift */,
				849CD24C230C433D0047F70F /* DeveloperNotificationVC.swift */,
				849CD24A230C433C0047F70F /* DeveloperProfileVC.swift */,
				849CD24D230C433D0047F70F /* DeveloperSearchVC.swift */,
				849CD249230C433C0047F70F /* DeveloperTabBarController.swift */,
				849CD24E230C433D0047F70F /* GetStartedDeveloperVC.swift */,
				84AAB4C92312E14200EAC830 /* AddProjectVC.swift */,
				84D8FF982315340000E9EED0 /* DeveloperProjectOverViewVC.swift */,
				8468FB84231EDE9000FC7A31 /* CreditPositionVC.swift */,
				8422DBDE232F80C700425504 /* AssetsVC.swift */,
			);
			path = Developer;
			sourceTree = "<group>";
		};
/* End PBXGroup section */

/* Begin PBXNativeTarget section */
		BDBF8ABE22F41FFF00F92DDA /* FundSpace */ = {
			isa = PBXNativeTarget;
			buildConfigurationList = BDBF8AE722F4200000F92DDA /* Build configuration list for PBXNativeTarget "FundSpace" */;
			buildPhases = (
				187AA21B0557ABD26FA792E9 /* [CP] Check Pods Manifest.lock */,
				BDBF8ABB22F41FFF00F92DDA /* Sources */,
				BDBF8ABC22F41FFF00F92DDA /* Frameworks */,
				BDBF8ABD22F41FFF00F92DDA /* Resources */,
				F8067E6D60D9EDC596F3B69D /* [CP] Embed Pods Frameworks */,
				FAB3968DC54BEF2427F35A5D /* [CP] Copy Pods Resources */,
			);
			buildRules = (
			);
			dependencies = (
			);
			name = FundSpace;
			productName = FundSpace;
			productReference = BDBF8ABF22F41FFF00F92DDA /* FundSpace.app */;
			productType = "com.apple.product-type.application";
		};
		BDBF8AD222F4200000F92DDA /* FundSpaceTests */ = {
			isa = PBXNativeTarget;
			buildConfigurationList = BDBF8AEA22F4200000F92DDA /* Build configuration list for PBXNativeTarget "FundSpaceTests" */;
			buildPhases = (
				5F65377BEA71FCC3F5DD74BE /* [CP] Check Pods Manifest.lock */,
				BDBF8ACF22F4200000F92DDA /* Sources */,
				BDBF8AD022F4200000F92DDA /* Frameworks */,
				BDBF8AD122F4200000F92DDA /* Resources */,
			);
			buildRules = (
			);
			dependencies = (
				BDBF8AD522F4200000F92DDA /* PBXTargetDependency */,
			);
			name = FundSpaceTests;
			productName = FundSpaceTests;
			productReference = BDBF8AD322F4200000F92DDA /* FundSpaceTests.xctest */;
			productType = "com.apple.product-type.bundle.unit-test";
		};
		BDBF8ADD22F4200000F92DDA /* FundSpaceUITests */ = {
			isa = PBXNativeTarget;
			buildConfigurationList = BDBF8AED22F4200000F92DDA /* Build configuration list for PBXNativeTarget "FundSpaceUITests" */;
			buildPhases = (
				BB594EF433ED05A687E7E331 /* [CP] Check Pods Manifest.lock */,
				BDBF8ADA22F4200000F92DDA /* Sources */,
				BDBF8ADB22F4200000F92DDA /* Frameworks */,
				BDBF8ADC22F4200000F92DDA /* Resources */,
			);
			buildRules = (
			);
			dependencies = (
				BDBF8AE022F4200000F92DDA /* PBXTargetDependency */,
			);
			name = FundSpaceUITests;
			productName = FundSpaceUITests;
			productReference = BDBF8ADE22F4200000F92DDA /* FundSpaceUITests.xctest */;
			productType = "com.apple.product-type.bundle.ui-testing";
		};
/* End PBXNativeTarget section */

/* Begin PBXProject section */
		BDBF8AB722F41FFF00F92DDA /* Project object */ = {
			isa = PBXProject;
			attributes = {
				LastSwiftUpdateCheck = 1020;
				LastUpgradeCheck = 1020;
				ORGANIZATIONNAME = "Zhang Hui";
				TargetAttributes = {
					BDBF8ABE22F41FFF00F92DDA = {
						CreatedOnToolsVersion = 10.2.1;
						SystemCapabilities = {
							com.apple.Push = {
								enabled = 1;
							};
						};
					};
					BDBF8AD222F4200000F92DDA = {
						CreatedOnToolsVersion = 10.2.1;
						TestTargetID = BDBF8ABE22F41FFF00F92DDA;
					};
					BDBF8ADD22F4200000F92DDA = {
						CreatedOnToolsVersion = 10.2.1;
						TestTargetID = BDBF8ABE22F41FFF00F92DDA;
					};
				};
			};
			buildConfigurationList = BDBF8ABA22F41FFF00F92DDA /* Build configuration list for PBXProject "FundSpace" */;
			compatibilityVersion = "Xcode 9.3";
			developmentRegion = en;
			hasScannedForEncodings = 0;
			knownRegions = (
				en,
				Base,
			);
			mainGroup = BDBF8AB622F41FFF00F92DDA;
			productRefGroup = BDBF8AC022F41FFF00F92DDA /* Products */;
			projectDirPath = "";
			projectRoot = "";
			targets = (
				BDBF8ABE22F41FFF00F92DDA /* FundSpace */,
				BDBF8AD222F4200000F92DDA /* FundSpaceTests */,
				BDBF8ADD22F4200000F92DDA /* FundSpaceUITests */,
			);
		};
/* End PBXProject section */

/* Begin PBXResourcesBuildPhase section */
		BDBF8ABD22F41FFF00F92DDA /* Resources */ = {
			isa = PBXResourcesBuildPhase;
			buildActionMask = 2147483647;
			files = (
				BD0D4CB022F46F9E007DCCE5 /* Open Sans Bold Italic.ttf in Resources */,
				BD0D4CB122F46F9E007DCCE5 /* Open Sans Bold.ttf in Resources */,
				BD0D4CB222F46F9E007DCCE5 /* Open Sans Italic.ttf in Resources */,
				84E3E198232C426E00F4D6E5 /* ChatViewNavigationCell.xib in Resources */,
				BD0D4CB322F46F9E007DCCE5 /* Open Sans Regular.ttf in Resources */,
				841224C3233198A900428497 /* Assets.xcassets in Resources */,
				BDBF8ACD22F4200000F92DDA /* LaunchScreen.storyboard in Resources */,
				841224C1233196CB00428497 /* CreditPositionCell.xib in Resources */,
				849CD239230B1EEE0047F70F /* terms_developer.html in Resources */,
				803EBC832302210B00CEC189 /* privacy.html in Resources */,
				849CD23C230B1F3F0047F70F /* GoogleService-Info.plist in Resources */,
				8464295523321E8200CC7491 /* AssetsCell.xib in Resources */,
				849CD23A230B1EEE0047F70F /* terms_lender.html in Resources */,
				BDBF8AC822F41FFF00F92DDA /* Main.storyboard in Resources */,
			);
			runOnlyForDeploymentPostprocessing = 0;
		};
		BDBF8AD122F4200000F92DDA /* Resources */ = {
			isa = PBXResourcesBuildPhase;
			buildActionMask = 2147483647;
			files = (
			);
			runOnlyForDeploymentPostprocessing = 0;
		};
		BDBF8ADC22F4200000F92DDA /* Resources */ = {
			isa = PBXResourcesBuildPhase;
			buildActionMask = 2147483647;
			files = (
			);
			runOnlyForDeploymentPostprocessing = 0;
		};
/* End PBXResourcesBuildPhase section */

/* Begin PBXShellScriptBuildPhase section */
		187AA21B0557ABD26FA792E9 /* [CP] Check Pods Manifest.lock */ = {
			isa = PBXShellScriptBuildPhase;
			buildActionMask = 2147483647;
			files = (
			);
			inputFileListPaths = (
			);
			inputPaths = (
				"${PODS_PODFILE_DIR_PATH}/Podfile.lock",
				"${PODS_ROOT}/Manifest.lock",
			);
			name = "[CP] Check Pods Manifest.lock";
			outputFileListPaths = (
			);
			outputPaths = (
				"$(DERIVED_FILE_DIR)/Pods-FundSpace-checkManifestLockResult.txt",
			);
			runOnlyForDeploymentPostprocessing = 0;
			shellPath = /bin/sh;
			shellScript = "diff \"${PODS_PODFILE_DIR_PATH}/Podfile.lock\" \"${PODS_ROOT}/Manifest.lock\" > /dev/null\nif [ $? != 0 ] ; then\n    # print error to STDERR\n    echo \"error: The sandbox is not in sync with the Podfile.lock. Run 'pod install' or update your CocoaPods installation.\" >&2\n    exit 1\nfi\n# This output is used by Xcode 'outputs' to avoid re-running this script phase.\necho \"SUCCESS\" > \"${SCRIPT_OUTPUT_FILE_0}\"\n";
			showEnvVarsInLog = 0;
		};
		5F65377BEA71FCC3F5DD74BE /* [CP] Check Pods Manifest.lock */ = {
			isa = PBXShellScriptBuildPhase;
			buildActionMask = 2147483647;
			files = (
			);
			inputFileListPaths = (
			);
			inputPaths = (
				"${PODS_PODFILE_DIR_PATH}/Podfile.lock",
				"${PODS_ROOT}/Manifest.lock",
			);
			name = "[CP] Check Pods Manifest.lock";
			outputFileListPaths = (
			);
			outputPaths = (
				"$(DERIVED_FILE_DIR)/Pods-FundSpaceTests-checkManifestLockResult.txt",
			);
			runOnlyForDeploymentPostprocessing = 0;
			shellPath = /bin/sh;
			shellScript = "diff \"${PODS_PODFILE_DIR_PATH}/Podfile.lock\" \"${PODS_ROOT}/Manifest.lock\" > /dev/null\nif [ $? != 0 ] ; then\n    # print error to STDERR\n    echo \"error: The sandbox is not in sync with the Podfile.lock. Run 'pod install' or update your CocoaPods installation.\" >&2\n    exit 1\nfi\n# This output is used by Xcode 'outputs' to avoid re-running this script phase.\necho \"SUCCESS\" > \"${SCRIPT_OUTPUT_FILE_0}\"\n";
			showEnvVarsInLog = 0;
		};
		BB594EF433ED05A687E7E331 /* [CP] Check Pods Manifest.lock */ = {
			isa = PBXShellScriptBuildPhase;
			buildActionMask = 2147483647;
			files = (
			);
			inputFileListPaths = (
			);
			inputPaths = (
				"${PODS_PODFILE_DIR_PATH}/Podfile.lock",
				"${PODS_ROOT}/Manifest.lock",
			);
			name = "[CP] Check Pods Manifest.lock";
			outputFileListPaths = (
			);
			outputPaths = (
				"$(DERIVED_FILE_DIR)/Pods-FundSpaceUITests-checkManifestLockResult.txt",
			);
			runOnlyForDeploymentPostprocessing = 0;
			shellPath = /bin/sh;
			shellScript = "diff \"${PODS_PODFILE_DIR_PATH}/Podfile.lock\" \"${PODS_ROOT}/Manifest.lock\" > /dev/null\nif [ $? != 0 ] ; then\n    # print error to STDERR\n    echo \"error: The sandbox is not in sync with the Podfile.lock. Run 'pod install' or update your CocoaPods installation.\" >&2\n    exit 1\nfi\n# This output is used by Xcode 'outputs' to avoid re-running this script phase.\necho \"SUCCESS\" > \"${SCRIPT_OUTPUT_FILE_0}\"\n";
			showEnvVarsInLog = 0;
		};
		F8067E6D60D9EDC596F3B69D /* [CP] Embed Pods Frameworks */ = {
			isa = PBXShellScriptBuildPhase;
			buildActionMask = 2147483647;
			files = (
			);
			inputFileListPaths = (
				"${PODS_ROOT}/Target Support Files/Pods-FundSpace/Pods-FundSpace-frameworks-${CONFIGURATION}-input-files.xcfilelist",
			);
			name = "[CP] Embed Pods Frameworks";
			outputFileListPaths = (
				"${PODS_ROOT}/Target Support Files/Pods-FundSpace/Pods-FundSpace-frameworks-${CONFIGURATION}-output-files.xcfilelist",
			);
			runOnlyForDeploymentPostprocessing = 0;
			shellPath = /bin/sh;
			shellScript = "\"${PODS_ROOT}/Target Support Files/Pods-FundSpace/Pods-FundSpace-frameworks.sh\"\n";
			showEnvVarsInLog = 0;
		};
		FAB3968DC54BEF2427F35A5D /* [CP] Copy Pods Resources */ = {
			isa = PBXShellScriptBuildPhase;
			buildActionMask = 2147483647;
			files = (
			);
			inputFileListPaths = (
				"${PODS_ROOT}/Target Support Files/Pods-FundSpace/Pods-FundSpace-resources-${CONFIGURATION}-input-files.xcfilelist",
			);
			name = "[CP] Copy Pods Resources";
			outputFileListPaths = (
				"${PODS_ROOT}/Target Support Files/Pods-FundSpace/Pods-FundSpace-resources-${CONFIGURATION}-output-files.xcfilelist",
			);
			runOnlyForDeploymentPostprocessing = 0;
			shellPath = /bin/sh;
			shellScript = "\"${PODS_ROOT}/Target Support Files/Pods-FundSpace/Pods-FundSpace-resources.sh\"\n";
			showEnvVarsInLog = 0;
		};
/* End PBXShellScriptBuildPhase section */

/* Begin PBXSourcesBuildPhase section */
		BDBF8ABB22F41FFF00F92DDA /* Sources */ = {
			isa = PBXSourcesBuildPhase;
			buildActionMask = 2147483647;
			files = (
				849CD254230C433D0047F70F /* GetStartedDeveloperVC.swift in Sources */,
				84E3E190232B8A5600F4D6E5 /* ChatInputView.swift in Sources */,
				84E3E19C232C45E000F4D6E5 /* ChatViewNavigationCell.swift in Sources */,
				803EBC7D2302125E00CEC189 /* Extensions.swift in Sources */,
				84AAB4D32312FB4800EAC830 /* AddProjectStep4VC.swift in Sources */,
				8422DBE6232F914600425504 /* InboxTableViewCell.swift in Sources */,
				8422DBDF232F80C700425504 /* AssetsVC.swift in Sources */,
				84E3E185232AE25D00F4D6E5 /* LeaderCurrentProjectsVC.swift in Sources */,
				84AAB4D72312FB7300EAC830 /* AddProjectStep6VC.swift in Sources */,
				803EBC8823022DC400CEC189 /* PrivacyVC.swift in Sources */,
				84AAB4D52312FB5800EAC830 /* AddProjectStep5VC.swift in Sources */,
				BD0D4CB822F48077007DCCE5 /* SignUpVC.swift in Sources */,
				84775358232650CF0009A7DD /* LeaderProjectOverViewVC.swift in Sources */,
				84E3E1812328ED3C00F4D6E5 /* SendTermsVC.swift in Sources */,
				803EBC8A230230C000CEC189 /* ForgotVC.swift in Sources */,
				8422DBE8232FAA8500425504 /* LeaderInBoxVC.swift in Sources */,
				849CD251230C433D0047F70F /* DeveloperInBoxVC.swift in Sources */,
				841224C523319C9B00428497 /* CreditPositionCell.swift in Sources */,
				803EBC7F23021DA600CEC189 /* TermsVC.swift in Sources */,
				84AAB4D92312FB8400EAC830 /* AddProjectStep7VC.swift in Sources */,
				84E3E183232957FA00F4D6E5 /* LeaderSavedProjectVC.swift in Sources */,
				84AAB4CD2312FACD00EAC830 /* AddProjectStep1VC.swift in Sources */,
				BDBF8AC522F41FFF00F92DDA /* LogInVC.swift in Sources */,
				849CD236230B1E110047F70F /* Firebase.swift in Sources */,
				BDBF8AC322F41FFF00F92DDA /* AppDelegate.swift in Sources */,
				84AAB4CF2312FB0100EAC830 /* AddProjectStep2VC.swift in Sources */,
				84459FDA233049A0005F2F4A /* NotificationTableViewCell.swift in Sources */,
				8489E4FA2316701F00DC82B8 /* MKMagneticProgress.swift in Sources */,
				8468FB982324709800FC7A31 /* ProjectTableViewCell.swift in Sources */,
				8464295723321FE800CC7491 /* AssetsCell.swift in Sources */,
				84C37933230FCAE6003E02E0 /* iOSDropDown.swift in Sources */,
				84AAB4C82312AB4A00EAC830 /* LeaderProfileVC.swift in Sources */,
				8422DBD9232EC7CE00425504 /* User.swift in Sources */,
				8477535623264BB20009A7DD /* LeaderProjectTableViewCell.swift in Sources */,
				8422DBD3232EC1E100425504 /* Channel.swift in Sources */,
				8422DBD7232EC4E900425504 /* DatabaseRepresentation.swift in Sources */,
				84D8FF972313E15900E9EED0 /* Checkbox.swift in Sources */,
				84E3E18E232B6B4300F4D6E5 /* ChatVC.swift in Sources */,
				849CD24F230C433D0047F70F /* DeveloperTabBarController.swift in Sources */,
				843CC68823259E4400038829 /* LeaderSearchVC.swift in Sources */,
				849CD259230CA2600047F70F /* GetStartedLeaderVC.swift in Sources */,
				8414740D230D1D6D00A7C14F /* LeaderTabBarController.swift in Sources */,
				849CD252230C433D0047F70F /* DeveloperNotificationVC.swift in Sources */,
				84AAB4D12312FB3600EAC830 /* AddProjectStep3VC.swift in Sources */,
				8440BD73231CEFC5003A4302 /* RoundShadowView.swift in Sources */,
				BD0D4CB622F473C7007DCCE5 /* Utils.swift in Sources */,
				84D8FF992315340000E9EED0 /* DeveloperProjectOverViewVC.swift in Sources */,
				8468FB85231EDE9000FC7A31 /* CreditPositionVC.swift in Sources */,
				849CD256230C8FAD0047F70F /* ImagePicker.swift in Sources */,
				849CD250230C433D0047F70F /* DeveloperProfileVC.swift in Sources */,
				849CD253230C433D0047F70F /* DeveloperSearchVC.swift in Sources */,
				8422DBD5232EC38E00425504 /* Message.swift in Sources */,
				84E3E17F232824CE00F4D6E5 /* LeaderDeveloperProfileVC.swift in Sources */,
				84AAB4CA2312E14200EAC830 /* AddProjectVC.swift in Sources */,
			);
			runOnlyForDeploymentPostprocessing = 0;
		};
		BDBF8ACF22F4200000F92DDA /* Sources */ = {
			isa = PBXSourcesBuildPhase;
			buildActionMask = 2147483647;
			files = (
				BDBF8AD822F4200000F92DDA /* FundSpaceTests.swift in Sources */,
			);
			runOnlyForDeploymentPostprocessing = 0;
		};
		BDBF8ADA22F4200000F92DDA /* Sources */ = {
			isa = PBXSourcesBuildPhase;
			buildActionMask = 2147483647;
			files = (
				BDBF8AE322F4200000F92DDA /* FundSpaceUITests.swift in Sources */,
			);
			runOnlyForDeploymentPostprocessing = 0;
		};
/* End PBXSourcesBuildPhase section */

/* Begin PBXTargetDependency section */
		BDBF8AD522F4200000F92DDA /* PBXTargetDependency */ = {
			isa = PBXTargetDependency;
			target = BDBF8ABE22F41FFF00F92DDA /* FundSpace */;
			targetProxy = BDBF8AD422F4200000F92DDA /* PBXContainerItemProxy */;
		};
		BDBF8AE022F4200000F92DDA /* PBXTargetDependency */ = {
			isa = PBXTargetDependency;
			target = BDBF8ABE22F41FFF00F92DDA /* FundSpace */;
			targetProxy = BDBF8ADF22F4200000F92DDA /* PBXContainerItemProxy */;
		};
/* End PBXTargetDependency section */

/* Begin PBXVariantGroup section */
		BDBF8AC622F41FFF00F92DDA /* Main.storyboard */ = {
			isa = PBXVariantGroup;
			children = (
				BDBF8AC722F41FFF00F92DDA /* Base */,
			);
			name = Main.storyboard;
			sourceTree = "<group>";
		};
		BDBF8ACB22F4200000F92DDA /* LaunchScreen.storyboard */ = {
			isa = PBXVariantGroup;
			children = (
				BDBF8ACC22F4200000F92DDA /* Base */,
			);
			name = LaunchScreen.storyboard;
			sourceTree = "<group>";
		};
/* End PBXVariantGroup section */

/* Begin XCBuildConfiguration section */
		BDBF8AE522F4200000F92DDA /* Debug */ = {
			isa = XCBuildConfiguration;
			buildSettings = {
				ALWAYS_SEARCH_USER_PATHS = NO;
				CLANG_ANALYZER_NONNULL = YES;
				CLANG_ANALYZER_NUMBER_OBJECT_CONVERSION = YES_AGGRESSIVE;
				CLANG_CXX_LANGUAGE_STANDARD = "gnu++14";
				CLANG_CXX_LIBRARY = "libc++";
				CLANG_ENABLE_MODULES = YES;
				CLANG_ENABLE_OBJC_ARC = YES;
				CLANG_ENABLE_OBJC_WEAK = YES;
				CLANG_WARN_BLOCK_CAPTURE_AUTORELEASING = YES;
				CLANG_WARN_BOOL_CONVERSION = YES;
				CLANG_WARN_COMMA = YES;
				CLANG_WARN_CONSTANT_CONVERSION = YES;
				CLANG_WARN_DEPRECATED_OBJC_IMPLEMENTATIONS = YES;
				CLANG_WARN_DIRECT_OBJC_ISA_USAGE = YES_ERROR;
				CLANG_WARN_DOCUMENTATION_COMMENTS = YES;
				CLANG_WARN_EMPTY_BODY = YES;
				CLANG_WARN_ENUM_CONVERSION = YES;
				CLANG_WARN_INFINITE_RECURSION = YES;
				CLANG_WARN_INT_CONVERSION = YES;
				CLANG_WARN_NON_LITERAL_NULL_CONVERSION = YES;
				CLANG_WARN_OBJC_IMPLICIT_RETAIN_SELF = YES;
				CLANG_WARN_OBJC_LITERAL_CONVERSION = YES;
				CLANG_WARN_OBJC_ROOT_CLASS = YES_ERROR;
				CLANG_WARN_RANGE_LOOP_ANALYSIS = YES;
				CLANG_WARN_STRICT_PROTOTYPES = YES;
				CLANG_WARN_SUSPICIOUS_MOVE = YES;
				CLANG_WARN_UNGUARDED_AVAILABILITY = YES_AGGRESSIVE;
				CLANG_WARN_UNREACHABLE_CODE = YES;
				CLANG_WARN__DUPLICATE_METHOD_MATCH = YES;
				CODE_SIGN_IDENTITY = "iPhone Developer";
				COPY_PHASE_STRIP = NO;
				DEBUG_INFORMATION_FORMAT = dwarf;
				ENABLE_STRICT_OBJC_MSGSEND = YES;
				ENABLE_TESTABILITY = YES;
				GCC_C_LANGUAGE_STANDARD = gnu11;
				GCC_DYNAMIC_NO_PIC = NO;
				GCC_NO_COMMON_BLOCKS = YES;
				GCC_OPTIMIZATION_LEVEL = 0;
				GCC_PREPROCESSOR_DEFINITIONS = (
					"DEBUG=1",
					"$(inherited)",
				);
				GCC_WARN_64_TO_32_BIT_CONVERSION = YES;
				GCC_WARN_ABOUT_RETURN_TYPE = YES_ERROR;
				GCC_WARN_UNDECLARED_SELECTOR = YES;
				GCC_WARN_UNINITIALIZED_AUTOS = YES_AGGRESSIVE;
				GCC_WARN_UNUSED_FUNCTION = YES;
				GCC_WARN_UNUSED_VARIABLE = YES;
				IPHONEOS_DEPLOYMENT_TARGET = 12.2;
				MTL_ENABLE_DEBUG_INFO = INCLUDE_SOURCE;
				MTL_FAST_MATH = YES;
				ONLY_ACTIVE_ARCH = YES;
				SDKROOT = iphoneos;
				SWIFT_ACTIVE_COMPILATION_CONDITIONS = DEBUG;
				SWIFT_OPTIMIZATION_LEVEL = "-Onone";
			};
			name = Debug;
		};
		BDBF8AE622F4200000F92DDA /* Release */ = {
			isa = XCBuildConfiguration;
			buildSettings = {
				ALWAYS_SEARCH_USER_PATHS = NO;
				CLANG_ANALYZER_NONNULL = YES;
				CLANG_ANALYZER_NUMBER_OBJECT_CONVERSION = YES_AGGRESSIVE;
				CLANG_CXX_LANGUAGE_STANDARD = "gnu++14";
				CLANG_CXX_LIBRARY = "libc++";
				CLANG_ENABLE_MODULES = YES;
				CLANG_ENABLE_OBJC_ARC = YES;
				CLANG_ENABLE_OBJC_WEAK = YES;
				CLANG_WARN_BLOCK_CAPTURE_AUTORELEASING = YES;
				CLANG_WARN_BOOL_CONVERSION = YES;
				CLANG_WARN_COMMA = YES;
				CLANG_WARN_CONSTANT_CONVERSION = YES;
				CLANG_WARN_DEPRECATED_OBJC_IMPLEMENTATIONS = YES;
				CLANG_WARN_DIRECT_OBJC_ISA_USAGE = YES_ERROR;
				CLANG_WARN_DOCUMENTATION_COMMENTS = YES;
				CLANG_WARN_EMPTY_BODY = YES;
				CLANG_WARN_ENUM_CONVERSION = YES;
				CLANG_WARN_INFINITE_RECURSION = YES;
				CLANG_WARN_INT_CONVERSION = YES;
				CLANG_WARN_NON_LITERAL_NULL_CONVERSION = YES;
				CLANG_WARN_OBJC_IMPLICIT_RETAIN_SELF = YES;
				CLANG_WARN_OBJC_LITERAL_CONVERSION = YES;
				CLANG_WARN_OBJC_ROOT_CLASS = YES_ERROR;
				CLANG_WARN_RANGE_LOOP_ANALYSIS = YES;
				CLANG_WARN_STRICT_PROTOTYPES = YES;
				CLANG_WARN_SUSPICIOUS_MOVE = YES;
				CLANG_WARN_UNGUARDED_AVAILABILITY = YES_AGGRESSIVE;
				CLANG_WARN_UNREACHABLE_CODE = YES;
				CLANG_WARN__DUPLICATE_METHOD_MATCH = YES;
				CODE_SIGN_IDENTITY = "iPhone Developer";
				COPY_PHASE_STRIP = NO;
				DEBUG_INFORMATION_FORMAT = "dwarf-with-dsym";
				ENABLE_NS_ASSERTIONS = NO;
				ENABLE_STRICT_OBJC_MSGSEND = YES;
				GCC_C_LANGUAGE_STANDARD = gnu11;
				GCC_NO_COMMON_BLOCKS = YES;
				GCC_WARN_64_TO_32_BIT_CONVERSION = YES;
				GCC_WARN_ABOUT_RETURN_TYPE = YES_ERROR;
				GCC_WARN_UNDECLARED_SELECTOR = YES;
				GCC_WARN_UNINITIALIZED_AUTOS = YES_AGGRESSIVE;
				GCC_WARN_UNUSED_FUNCTION = YES;
				GCC_WARN_UNUSED_VARIABLE = YES;
				IPHONEOS_DEPLOYMENT_TARGET = 12.2;
				MTL_ENABLE_DEBUG_INFO = NO;
				MTL_FAST_MATH = YES;
				SDKROOT = iphoneos;
				SWIFT_COMPILATION_MODE = wholemodule;
				SWIFT_OPTIMIZATION_LEVEL = "-O";
				VALIDATE_PRODUCT = YES;
			};
			name = Release;
		};
		BDBF8AE822F4200000F92DDA /* Debug */ = {
			isa = XCBuildConfiguration;
			baseConfigurationReference = 103742242CC32795D658FD37 /* Pods-FundSpace.debug.xcconfig */;
			buildSettings = {
				ASSETCATALOG_COMPILER_APPICON_NAME = AppIcon;
				CODE_SIGN_ENTITLEMENTS = FundSpace/FundSpace.entitlements;
				CODE_SIGN_IDENTITY = "iPhone Developer";
				CODE_SIGN_STYLE = Automatic;
				DEVELOPMENT_TEAM = F57767HHXW;
				INFOPLIST_FILE = FundSpace/Info.plist;
				LD_RUNPATH_SEARCH_PATHS = (
					"$(inherited)",
					"@executable_path/Frameworks",
				);
				PRODUCT_BUNDLE_IDENTIFIER = com.jack.fundspace;
				PRODUCT_NAME = "$(TARGET_NAME)";
				PROVISIONING_PROFILE_SPECIFIER = "";
				SWIFT_VERSION = 5.0;
				TARGETED_DEVICE_FAMILY = 1;
			};
			name = Debug;
		};
		BDBF8AE922F4200000F92DDA /* Release */ = {
			isa = XCBuildConfiguration;
			baseConfigurationReference = B4393393F59E6DD3FD1E9FD7 /* Pods-FundSpace.release.xcconfig */;
			buildSettings = {
				ASSETCATALOG_COMPILER_APPICON_NAME = AppIcon;
				CODE_SIGN_ENTITLEMENTS = FundSpace/FundSpace.entitlements;
				CODE_SIGN_IDENTITY = "iPhone Developer";
				CODE_SIGN_STYLE = Automatic;
				DEVELOPMENT_TEAM = F57767HHXW;
				INFOPLIST_FILE = FundSpace/Info.plist;
				LD_RUNPATH_SEARCH_PATHS = (
					"$(inherited)",
					"@executable_path/Frameworks",
				);
				PRODUCT_BUNDLE_IDENTIFIER = com.jack.fundspace;
				PRODUCT_NAME = "$(TARGET_NAME)";
				PROVISIONING_PROFILE_SPECIFIER = "";
				SWIFT_VERSION = 5.0;
				TARGETED_DEVICE_FAMILY = 1;
			};
			name = Release;
		};
		BDBF8AEB22F4200000F92DDA /* Debug */ = {
			isa = XCBuildConfiguration;
			baseConfigurationReference = 5B99F60EDBDE91947AB7C81B /* Pods-FundSpaceTests.debug.xcconfig */;
			buildSettings = {
				ALWAYS_EMBED_SWIFT_STANDARD_LIBRARIES = YES;
				BUNDLE_LOADER = "$(TEST_HOST)";
				CODE_SIGN_STYLE = Automatic;
				INFOPLIST_FILE = FundSpaceTests/Info.plist;
				LD_RUNPATH_SEARCH_PATHS = (
					"$(inherited)",
					"@executable_path/Frameworks",
					"@loader_path/Frameworks",
				);
				PRODUCT_BUNDLE_IDENTIFIER = heltgolf.FundSpaceTests;
				PRODUCT_NAME = "$(TARGET_NAME)";
				SWIFT_VERSION = 5.0;
				TARGETED_DEVICE_FAMILY = "1,2";
				TEST_HOST = "$(BUILT_PRODUCTS_DIR)/FundSpace.app/FundSpace";
			};
			name = Debug;
		};
		BDBF8AEC22F4200000F92DDA /* Release */ = {
			isa = XCBuildConfiguration;
			baseConfigurationReference = 41B55C2AB6204F729AEBEC20 /* Pods-FundSpaceTests.release.xcconfig */;
			buildSettings = {
				ALWAYS_EMBED_SWIFT_STANDARD_LIBRARIES = YES;
				BUNDLE_LOADER = "$(TEST_HOST)";
				CODE_SIGN_STYLE = Automatic;
				INFOPLIST_FILE = FundSpaceTests/Info.plist;
				LD_RUNPATH_SEARCH_PATHS = (
					"$(inherited)",
					"@executable_path/Frameworks",
					"@loader_path/Frameworks",
				);
				PRODUCT_BUNDLE_IDENTIFIER = heltgolf.FundSpaceTests;
				PRODUCT_NAME = "$(TARGET_NAME)";
				SWIFT_VERSION = 5.0;
				TARGETED_DEVICE_FAMILY = "1,2";
				TEST_HOST = "$(BUILT_PRODUCTS_DIR)/FundSpace.app/FundSpace";
			};
			name = Release;
		};
		BDBF8AEE22F4200000F92DDA /* Debug */ = {
			isa = XCBuildConfiguration;
			baseConfigurationReference = C5CE8E85C4265233A3D8716F /* Pods-FundSpaceUITests.debug.xcconfig */;
			buildSettings = {
				ALWAYS_EMBED_SWIFT_STANDARD_LIBRARIES = YES;
				CODE_SIGN_STYLE = Automatic;
				INFOPLIST_FILE = FundSpaceUITests/Info.plist;
				LD_RUNPATH_SEARCH_PATHS = (
					"$(inherited)",
					"@executable_path/Frameworks",
					"@loader_path/Frameworks",
				);
				PRODUCT_BUNDLE_IDENTIFIER = heltgolf.FundSpaceUITests;
				PRODUCT_NAME = "$(TARGET_NAME)";
				SWIFT_VERSION = 5.0;
				TARGETED_DEVICE_FAMILY = "1,2";
				TEST_TARGET_NAME = FundSpace;
			};
			name = Debug;
		};
		BDBF8AEF22F4200000F92DDA /* Release */ = {
			isa = XCBuildConfiguration;
			baseConfigurationReference = FF5FD843230E08153419E1AB /* Pods-FundSpaceUITests.release.xcconfig */;
			buildSettings = {
				ALWAYS_EMBED_SWIFT_STANDARD_LIBRARIES = YES;
				CODE_SIGN_STYLE = Automatic;
				INFOPLIST_FILE = FundSpaceUITests/Info.plist;
				LD_RUNPATH_SEARCH_PATHS = (
					"$(inherited)",
					"@executable_path/Frameworks",
					"@loader_path/Frameworks",
				);
				PRODUCT_BUNDLE_IDENTIFIER = heltgolf.FundSpaceUITests;
				PRODUCT_NAME = "$(TARGET_NAME)";
				SWIFT_VERSION = 5.0;
				TARGETED_DEVICE_FAMILY = "1,2";
				TEST_TARGET_NAME = FundSpace;
			};
			name = Release;
		};
/* End XCBuildConfiguration section */

/* Begin XCConfigurationList section */
		BDBF8ABA22F41FFF00F92DDA /* Build configuration list for PBXProject "FundSpace" */ = {
			isa = XCConfigurationList;
			buildConfigurations = (
				BDBF8AE522F4200000F92DDA /* Debug */,
				BDBF8AE622F4200000F92DDA /* Release */,
			);
			defaultConfigurationIsVisible = 0;
			defaultConfigurationName = Release;
		};
		BDBF8AE722F4200000F92DDA /* Build configuration list for PBXNativeTarget "FundSpace" */ = {
			isa = XCConfigurationList;
			buildConfigurations = (
				BDBF8AE822F4200000F92DDA /* Debug */,
				BDBF8AE922F4200000F92DDA /* Release */,
			);
			defaultConfigurationIsVisible = 0;
			defaultConfigurationName = Release;
		};
		BDBF8AEA22F4200000F92DDA /* Build configuration list for PBXNativeTarget "FundSpaceTests" */ = {
			isa = XCConfigurationList;
			buildConfigurations = (
				BDBF8AEB22F4200000F92DDA /* Debug */,
				BDBF8AEC22F4200000F92DDA /* Release */,
			);
			defaultConfigurationIsVisible = 0;
			defaultConfigurationName = Release;
		};
		BDBF8AED22F4200000F92DDA /* Build configuration list for PBXNativeTarget "FundSpaceUITests" */ = {
			isa = XCConfigurationList;
			buildConfigurations = (
				BDBF8AEE22F4200000F92DDA /* Debug */,
				BDBF8AEF22F4200000F92DDA /* Release */,
			);
			defaultConfigurationIsVisible = 0;
			defaultConfigurationName = Release;
		};
/* End XCConfigurationList section */
	};
	rootObject = BDBF8AB722F41FFF00F92DDA /* Project object */;
}
